
Microsoft Visual Studio Solution File, Format Version 12.00
# Visual Studio Version 16
VisualStudioVersion = 25.0.1706.14
MinimumVisualStudioVersion = 10.0.40219.1
Project("{FAE04EC0-301F-11D3-BF4B-00C04F79EFBC}") = "RendaControl", "RendaControl\RendaControl.csproj", "{897A5460-DA59-49E9-B55E-7DCC48F7A188}"
EndProject
Global
	GlobalSection(SolutionConfigurationPlatforms) = preSolution
		Debug|Any CPU = Debug|Any CPU
		Release|Any CPU = Release|Any CPU
	EndGlobalSection
	GlobalSection(ProjectConfigurationPlatforms) = postSolution
		{897A5460-DA59-49E9-B55E-7DCC48F7A188}.Debug|Any CPU.ActiveCfg = Debug|Any CPU
		{897A5460-DA59-49E9-B55E-7DCC48F7A188}.Debug|Any CPU.Build.0 = Debug|Any CPU
		{897A5460-DA59-49E9-B55E-7DCC48F7A188}.Release|Any CPU.ActiveCfg = Release|Any CPU
		{897A5460-DA59-49E9-B55E-7DCC48F7A188}.Release|Any CPU.Build.0 = Release|Any CPU
	EndGlobalSection
	GlobalSection(SolutionProperties) = preSolution
		HideSolutionNode = FALSE
	EndGlobalSection
	GlobalSection(ExtensibilityGlobals) = postSolution
		SolutionGuid = {83F66595-20BD-45E5-AC86-4E59B97B88CE}
	EndGlobalSection
EndGlobal
